
Microsoft Visual Studio Solution File, Format Version 12.00
# Visual Studio 15
VisualStudioVersion = 15.0.27703.2000
MinimumVisualStudioVersion = 10.0.40219.1
Project("{9A19103F-16F7-4668-BE54-9A1E7A4F7556}") = "ClosedXML.Extensions.WebApi", "ClosedXML.Extensions.Mvc\ClosedXML.Extensions.WebApi.csproj", "{1A7658C5-7686-4478-8193-4D435AB9A9A6}"
EndProject
Global
	GlobalSection(SolutionConfigurationPlatforms) = preSolution
		Debug|Any CPU = Debug|Any CPU
		Release|Any CPU = Release|Any CPU
	EndGlobalSection
	GlobalSection(ProjectConfigurationPlatforms) = postSolution
		{1A7658C5-7686-4478-8193-4D435AB9A9A6}.Debug|Any CPU.ActiveCfg = Debug|Any CPU
		{1A7658C5-7686-4478-8193-4D435AB9A9A6}.Debug|Any CPU.Build.0 = Debug|Any CPU
		{1A7658C5-7686-4478-8193-4D435AB9A9A6}.Release|Any CPU.ActiveCfg = Release|Any CPU
		{1A7658C5-7686-4478-8193-4D435AB9A9A6}.Release|Any CPU.Build.0 = Release|Any CPU
	EndGlobalSection
	GlobalSection(SolutionProperties) = preSolution
		HideSolutionNode = FALSE
	EndGlobalSection
	GlobalSection(ExtensibilityGlobals) = postSolution
		SolutionGuid = {8AC95A78-9554-4890-9482-4CA4DB2B387F}
	EndGlobalSection
EndGlobal
